
Microsoft Visual Studio Solution File, Format Version 12.00
# Visual Studio Version 17
VisualStudioVersion = 17.4.33110.190
MinimumVisualStudioVersion = 10.0.40219.1
Project("{FAE04EC0-301F-11D3-BF4B-00C04F79EFBC}") = "Gameshop_Netfx", "Gameshop_Netfx\Gameshop_Netfx.csproj", "{BC897F98-1279-4521-9838-B61ACACFF5A7}"
EndProject
Project("{FAE04EC0-301F-11D3-BF4B-00C04F79EFBC}") = "Gameshop_Netfx_Dapper", "Gameshop_Netfx Dapper\Gameshop_Netfx_Dapper.csproj", "{9A49DE4E-6317-4DA5-908E-4CAF6714BDB5}"
EndProject
Project("{FAE04EC0-301F-11D3-BF4B-00C04F79EFBC}") = "GameshopWeb", "GameshopWeb\GameshopWeb.csproj", "{042ED998-B384-40C1-ABE5-FBB6E1CF02BE}"
EndProject
Global
	GlobalSection(SolutionConfigurationPlatforms) = preSolution
		Debug|Any CPU = Debug|Any CPU
		Release|Any CPU = Release|Any CPU
	EndGlobalSection
	GlobalSection(ProjectConfigurationPlatforms) = postSolution
		{BC897F98-1279-4521-9838-B61ACACFF5A7}.Debug|Any CPU.ActiveCfg = Debug|Any CPU
		{BC897F98-1279-4521-9838-B61ACACFF5A7}.Debug|Any CPU.Build.0 = Debug|Any CPU
		{BC897F98-1279-4521-9838-B61ACACFF5A7}.Release|Any CPU.ActiveCfg = Release|Any CPU
		{BC897F98-1279-4521-9838-B61ACACFF5A7}.Release|Any CPU.Build.0 = Release|Any CPU
		{9A49DE4E-6317-4DA5-908E-4CAF6714BDB5}.Debug|Any CPU.ActiveCfg = Debug|Any CPU
		{9A49DE4E-6317-4DA5-908E-4CAF6714BDB5}.Debug|Any CPU.Build.0 = Debug|Any CPU
		{9A49DE4E-6317-4DA5-908E-4CAF6714BDB5}.Release|Any CPU.ActiveCfg = Release|Any CPU
		{9A49DE4E-6317-4DA5-908E-4CAF6714BDB5}.Release|Any CPU.Build.0 = Release|Any CPU
		{042ED998-B384-40C1-ABE5-FBB6E1CF02BE}.Debug|Any CPU.ActiveCfg = Debug|Any CPU
		{042ED998-B384-40C1-ABE5-FBB6E1CF02BE}.Debug|Any CPU.Build.0 = Debug|Any CPU
		{042ED998-B384-40C1-ABE5-FBB6E1CF02BE}.Release|Any CPU.ActiveCfg = Release|Any CPU
		{042ED998-B384-40C1-ABE5-FBB6E1CF02BE}.Release|Any CPU.Build.0 = Release|Any CPU
	EndGlobalSection
	GlobalSection(SolutionProperties) = preSolution
		HideSolutionNode = FALSE
	EndGlobalSection
	GlobalSection(ExtensibilityGlobals) = postSolution
		SolutionGuid = {D881D26D-9C62-4176-89A4-2FF2A7EEDCAB}
	EndGlobalSection
EndGlobal
